<?xml version="1.0" encoding="utf-8"?>
<Project ToolsVersion="4.0" xmlns="http://schemas.microsoft.com/developer/msbuild/2003">
  <ItemGroup>
    <Filter Include="源文件">
      <UniqueIdentifier>{4FC737F1-C7A5-4376-A066-2A32D752A2FF}</UniqueIdentifier>
      <Extensions>cpp;c;cc;cxx;c++;cppm;ixx;def;odl;idl;hpj;bat;asm;asmx</Extensions>
    </Filter>
    <Filter Include="头文件">
      <UniqueIdentifier>{93995380-89BD-4b04-88EB-625FBE52EBFB}</UniqueIdentifier>
      <Extensions>h;hh;hpp;hxx;h++;hm;inl;inc;ipp;xsd</Extensions>
    </Filter>
    <Filter Include="资源文件">
      <UniqueIdentifier>{67DA6AB6-F800-4c08-8B7A-83BB121AAD01}</UniqueIdentifier>
      <Extensions>rc;ico;cur;bmp;dlg;rc2;rct;bin;rgs;gif;jpg;jpeg;jpe;resx;tiff;tif;png;wav;mfcribbon-ms</Extensions>
    </Filter>
    <Filter Include="资源文件\Shader">
      <UniqueIdentifier>{0d685698-0ae5-4220-94bf-81f8d2e0074b}</UniqueIdentifier>
    </Filter>
    <Filter Include="资源文件\Shader\Fragment">
      <UniqueIdentifier>{0b4a4517-ca61-47d1-b3c5-6e1a9bec1ee6}</UniqueIdentifier>
    </Filter>
    <Filter Include="资源文件\Shader\Vertex">
      <UniqueIdentifier>{83656f0d-c945-46e0-810d-d42a9f437248}</UniqueIdentifier>
    </Filter>
  </ItemGroup>
  <ItemGroup>
    <ClCompile Include="main.cpp">
      <Filter>源文件</Filter>
    </ClCompile>
    <ClCompile Include="..\..\..\Env\glad\src\glad.c">
      <Filter>源文件</Filter>
    </ClCompile>
    <ClCompile Include="src\utils.cpp">
      <Filter>源文件</Filter>
    </ClCompile>
    <ClCompile Include="src\Shader.cpp">
      <Filter>源文件</Filter>
    </ClCompile>
    <ClCompile Include="src\Plane.cpp">
      <Filter>源文件</Filter>
    </ClCompile>
    <ClCompile Include="src\Box.cpp">
      <Filter>源文件</Filter>
    </ClCompile>
    <ClCompile Include="src\Mesh.cpp">
      <Filter>源文件</Filter>
    </ClCompile>
    <ClCompile Include="src\Model.cpp">
      <Filter>源文件</Filter>
    </ClCompile>
    <ClCompile Include="src\Camera.cpp">
      <Filter>源文件</Filter>
    </ClCompile>
    <ClCompile Include="src\Asset.cpp">
      <Filter>源文件</Filter>
    </ClCompile>
    <ClCompile Include="src\display.cpp">
      <Filter>源文件</Filter>
    </ClCompile>
    <ClCompile Include="src\edit.cpp">
      <Filter>源文件</Filter>
    </ClCompile>
    <ClCompile Include="src\Sphere.cpp">
      <Filter>源文件</Filter>
    </ClCompile>
    <ClCompile Include="src\PhysSphere.cpp">
      <Filter>源文件</Filter>
    </ClCompile>
    <ClCompile Include="src\Light.cpp">
      <Filter>源文件</Filter>
    </ClCompile>
    <ClCompile Include="src\AABB.cpp">
      <Filter>源文件</Filter>
    </ClCompile>
    <ClCompile Include="src\PhysModel.cpp">
      <Filter>源文件</Filter>
    </ClCompile>
    <ClCompile Include="src\CylinderBox.cpp">
      <Filter>源文件</Filter>
    </ClCompile>
  </ItemGroup>
  <ItemGroup>
    <ClInclude Include="include\utils.h">
      <Filter>头文件</Filter>
    </ClInclude>
    <ClInclude Include="include\Shader.h">
      <Filter>头文件</Filter>
    </ClInclude>
    <ClInclude Include="include\Plane.h">
      <Filter>头文件</Filter>
    </ClInclude>
    <ClInclude Include="include\Box.h">
      <Filter>头文件</Filter>
    </ClInclude>
    <ClInclude Include="include\Mesh.h">
      <Filter>头文件</Filter>
    </ClInclude>
    <ClInclude Include="include\Model.h">
      <Filter>头文件</Filter>
    </ClInclude>
    <ClInclude Include="include\Camera.h">
      <Filter>头文件</Filter>
    </ClInclude>
    <ClInclude Include="include\Asset.h">
      <Filter>头文件</Filter>
    </ClInclude>
    <ClInclude Include="include\display.h">
      <Filter>头文件</Filter>
    </ClInclude>
    <ClInclude Include="include\edit.h">
      <Filter>头文件</Filter>
    </ClInclude>
    <ClInclude Include="include\Sphere.h">
      <Filter>头文件</Filter>
    </ClInclude>
    <ClInclude Include="include\PhysSphere.h">
      <Filter>头文件</Filter>
    </ClInclude>
    <ClInclude Include="include\Light.h">
      <Filter>头文件</Filter>
    </ClInclude>
    <ClInclude Include="include\AABB.h">
      <Filter>头文件</Filter>
    </ClInclude>
    <ClInclude Include="include\PhysModel.h">
      <Filter>头文件</Filter>
    </ClInclude>
    <ClInclude Include="include\CylinderBox.h">
      <Filter>头文件</Filter>
    </ClInclude>
  </ItemGroup>
  <ItemGroup>
    <None Include="Shader\Vertex\line.vs">
      <Filter>资源文件\Shader\Vertex</Filter>
    </None>
    <None Include="Shader\Fragment\line.fs">
      <Filter>资源文件\Shader\Fragment</Filter>
    </None>
    <None Include="Shader\Fragment\plane.fs" />
    <None Include="Shader\Vertex\plane.vs" />
    <None Include="Shader\Fragment\box.fs" />
    <None Include="Shader\Vertex\box.vs" />
    <None Include="Shader\Fragment\model.fs" />
    <None Include="Shader\Vertex\model.vs" />
    <None Include="Shader\Vertex\sphere.vs" />
    <None Include="Shader\Fragment\sphere.fs" />
  </ItemGroup>
</Project>